
Microsoft Visual Studio Solution File, Format Version 12.00
# Visual Studio Version 17
VisualStudioVersion = 17.6.33801.468
MinimumVisualStudioVersion = 10.0.40219.1
Project("{FAE04EC0-301F-11D3-BF4B-00C04F79EFBC}") = "ReadCSV", "ReadCSV\ReadCSV.csproj", "{2FF235EC-DE6D-475A-BB96-BE149DE5785B}"
EndProject
Global
	GlobalSection(SolutionConfigurationPlatforms) = preSolution
		Debug|Any CPU = Debug|Any CPU
		Release|Any CPU = Release|Any CPU
	EndGlobalSection
	GlobalSection(ProjectConfigurationPlatforms) = postSolution
		{2FF235EC-DE6D-475A-BB96-BE149DE5785B}.Debug|Any CPU.ActiveCfg = Debug|Any CPU
		{2FF235EC-DE6D-475A-BB96-BE149DE5785B}.Debug|Any CPU.Build.0 = Debug|Any CPU
		{2FF235EC-DE6D-475A-BB96-BE149DE5785B}.Release|Any CPU.ActiveCfg = Release|Any CPU
		{2FF235EC-DE6D-475A-BB96-BE149DE5785B}.Release|Any CPU.Build.0 = Release|Any CPU
	EndGlobalSection
	GlobalSection(SolutionProperties) = preSolution
		HideSolutionNode = FALSE
	EndGlobalSection
	GlobalSection(ExtensibilityGlobals) = postSolution
		SolutionGuid = {6AB46441-2AD1-44A3-B40E-933D8AEDFEE3}
	EndGlobalSection
EndGlobal
